schema: '2.0'
stages:
  scrape:
    cmd: python src/ingestion/run_all_cities.py
    deps:
    - path: configs/cities.yaml
      md5: 1374c65b3537982e73b19ec03a682765
      size: 7863
    - path: src/ingestion/magicbricks_scraper.py
      md5: 9a05b6f7466e9b2e013108b520f77824
      size: 29268
    - path: src/ingestion/run_all_cities.py
      md5: a0867f8fdb1abbf39f6865f1de98bcb4
      size: 12126
    params:
      params.yaml:
        scraping.max_listings_per_city: 3000
    outs:
    - path: data/raw/
      md5: 6b4613a9033d944f265e5f8150d635fc.dir
      size: 2196127
      nfiles: 13
  validate:
    cmd: python src/validation/validate_schema.py --city all
    deps:
    - path: data/raw/
      md5: 6b4613a9033d944f265e5f8150d635fc.dir
      size: 2196127
      nfiles: 13
    - path: src/validation/validate_schema.py
      md5: cf41449b1cf5949c2a9b43e6461ce597
      size: 29046
    outs:
    - path: reports/validation/
      md5: f14f9a7addf3e45c585d55bd386c6551.dir
      size: 65573
      nfiles: 13
  clean:
    cmd: python src/cleaning/cleaning_pipeline.py
    deps:
    - path: data/raw/
      md5: 6b4613a9033d944f265e5f8150d635fc.dir
      size: 2196127
      nfiles: 13
    - path: src/cleaning/cleaning_pipeline.py
      md5: 026787710fae2825b7a63f9ecfb576d1
      size: 37719
    params:
      params.yaml:
        cleaning.iqr_multiplier: 1.5
        cleaning.max_price_cr: 100.0
        cleaning.min_price_cr: 0.05
    outs:
    - path: data/cleaned/combined_cleaned.parquet
      md5: 819cbefc19796d46459ff56338ebc4a4
      size: 1934610
  featurize:
    cmd: python src/features/feature_engineering.py
    deps:
    - path: data/cleaned/combined_cleaned.parquet
      md5: 819cbefc19796d46459ff56338ebc4a4
      size: 1934610
    - path: src/features/feature_engineering.py
      md5: d3878ff1c3963e37a4a8f002e7ccf25a
      size: 41186
    params:
      params.yaml:
        features.amenity_weights:
          pool: 3.0
          gym: 2.0
          lift: 1.0
          club: 1.0
          security: 0.5
          power_backup: 0.5
          jogging: 0.5
        features.high_floor_threshold: 0.75
        features.kfold_smoothing: 10
        features.kfold_splits: 5
    outs:
    - path: data/features/
      md5: def0a874aaed09f9ed3bd08c5085455a.dir
      size: 1281039
      nfiles: 4
  enrich_osm:
    cmd: python src/features/feature_engineering.py --enrich-osm
    deps:
    - path: data/raw/
      md5: 6b4613a9033d944f265e5f8150d635fc.dir
      size: 2196127
      nfiles: 13
    - path: src/features/feature_engineering.py
      md5: d3878ff1c3963e37a4a8f002e7ccf25a
      size: 41186
    params:
      params.yaml:
        scraping.max_listings_per_city: 3000
    outs:
    - path: data/osm_cache/
      md5: 1d4d79b529ec2de54661d81959a0b28a.dir
      size: 59098
      nfiles: 13425
  train:
    cmd: python src/training/train.py --trials 100
    deps:
    - path: data/features/combined_engineered.parquet
      md5: 418332f61bf699941988b5bb5d356114
      size: 1025573
    - path: src/training/train.py
      md5: 5e8716c3e13e7eaf1ec16bdda3780b2c
      size: 51465
    params:
      params.yaml:
        gate.max_mape_pct: 22.0
        gate.min_r2: 0.82
        training.cv_folds: 5
        training.optuna_trials: 100
        training.random_state: 42
        training.tier_weights:
          Tier-1: 2.0
          Tier-2: 1.5
          Tier-3: 0.8
    outs:
    - path: models/
      md5: ef46d4f0cf6509bf2872d0f90b496706.dir
      size: 103890965
      nfiles: 7
    - path: reports/metrics.json
      md5: 0ed1daa50b5c2bd60d693d0d876b94fe
      size: 907
